Microsoft Visual Studio Solution File, Format Version 12.00
# Visual Studio Version 17
VisualStudioVersion = 17.9.34714.136
MinimumVisualStudioVersion = 10.0.40219.1
Project("{9A19103F-16F7-4668-BE54-9A1E7A4F7556}") = "RikkaHub.Core", "src\RikkaHub.Core\RikkaHub.Core.csproj", "{1A2B3C4D-0001-0001-0001-000000000001}"
EndProject
Project("{9A19103F-16F7-4668-BE54-9A1E7A4F7556}") = "RikkaHub.App", "src\RikkaHub.App\RikkaHub.App.csproj", "{1A2B3C4D-0002-0002-0002-000000000002}"
EndProject
Global
	GlobalSection(SolutionConfigurationPlatforms) = preSolution
		Debug|x64 = Debug|x64
		Release|x64 = Release|x64
	EndGlobalSection
	GlobalSection(ProjectConfigurationPlatforms) = postSolution
		{1A2B3C4D-0001-0001-0001-000000000001}.Debug|x64.ActiveCfg = Debug|Any CPU
		{1A2B3C4D-0001-0001-0001-000000000001}.Debug|x64.Build.0 = Debug|Any CPU
		{1A2B3C4D-0001-0001-0001-000000000001}.Release|x64.ActiveCfg = Release|Any CPU
		{1A2B3C4D-0001-0001-0001-000000000001}.Release|x64.Build.0 = Release|Any CPU
		{1A2B3C4D-0002-0002-0002-000000000002}.Debug|x64.ActiveCfg = Debug|x64
		{1A2B3C4D-0002-0002-0002-000000000002}.Debug|x64.Build.0 = Debug|x64
		{1A2B3C4D-0002-0002-0002-000000000002}.Release|x64.ActiveCfg = Release|x64
		{1A2B3C4D-0002-0002-0002-000000000002}.Release|x64.Build.0 = Release|x64
	EndGlobalSection
	GlobalSection(SolutionProperties) = preSolution
		HideSolutionNode = FALSE
	EndGlobalSection
EndGlobal
